// !$*UTF8*$!
{
	archiveVersion = 1;
	classes = {
	};
	objectVersion = 46;
	objects = {

/* Begin PBXBuildFile section */
		464285781A5B73C60072F58C /* Foundation.framework in Frameworks */ = {isa = PBXBuildFile; fileRef = 464285771A5B73C60072F58C /* Foundation.framework */; };
		4642857A1A5B73C60072F58C /* CoreGraphics.framework in Frameworks */ = {isa = PBXBuildFile; fileRef = 464285791A5B73C60072F58C /* CoreGraphics.framework */; };
		4642857C1A5B73C60072F58C /* UIKit.framework in Frameworks */ = {isa = PBXBuildFile; fileRef = 4642857B1A5B73C60072F58C /* UIKit.framework */; };
		464285821A5B73C60072F58C /* InfoPlist.strings in Resources */ = {isa = PBXBuildFile; fileRef = 464285801A5B73C60072F58C /* InfoPlist.strings */; };
		464285841A5B73C60072F58C /* main.m in Sources */ = {isa = PBXBuildFile; fileRef = 464285831A5B73C60072F58C /* main.m */; };
		464285881A5B73C60072F58C /* HYAppDelegate.m in Sources */ = {isa = PBXBuildFile; fileRef = 464285871A5B73C60072F58C /* HYAppDelegate.m */; };
		4642858A1A5B73C60072F58C /* Images.xcassets in Resources */ = {isa = PBXBuildFile; fileRef = 464285891A5B73C60072F58C /* Images.xcassets */; };
		464285911A5B73C60072F58C /* XCTest.framework in Frameworks */ = {isa = PBXBuildFile; fileRef = 464285901A5B73C60072F58C /* XCTest.framework */; };
		464285921A5B73C60072F58C /* Foundation.framework in Frameworks */ = {isa = PBXBuildFile; fileRef = 464285771A5B73C60072F58C /* Foundation.framework */; };
		464285931A5B73C60072F58C /* UIKit.framework in Frameworks */ = {isa = PBXBuildFile; fileRef = 4642857B1A5B73C60072F58C /* UIKit.framework */; };
		4642859B1A5B73C60072F58C /* InfoPlist.strings in Resources */ = {isa = PBXBuildFile; fileRef = 464285991A5B73C60072F58C /* InfoPlist.strings */; };
		4642859D1A5B73C60072F58C /* HypnosisterTests.m in Sources */ = {isa = PBXBuildFile; fileRef = 4642859C1A5B73C60072F58C /* HypnosisterTests.m */; };
		464285A81A5B73EC0072F58C /* HYnosisView.m in Sources */ = {isa = PBXBuildFile; fileRef = 464285A71A5B73EC0072F58C /* HYnosisView.m */; };
/* End PBXBuildFile section */

/* Begin PBXContainerItemProxy section */
		464285941A5B73C60072F58C /* PBXContainerItemProxy */ = {
			isa = PBXContainerItemProxy;
			containerPortal = 4642856C1A5B73C60072F58C /* Project object */;
			proxyType = 1;
			remoteGlobalIDString = 464285731A5B73C60072F58C;
			remoteInfo = Hypnosister;
		};
/* End PBXContainerItemProxy section */

/* Begin PBXFileReference section */
		464285741A5B73C60072F58C /* Hypnosister.app */ = {isa = PBXFileReference; explicitFileType = wrapper.application; includeInIndex = 0; path = Hypnosister.app; sourceTree = BUILT_PRODUCTS_DIR; };
		464285771A5B73C60072F58C /* Foundation.framework */ = {isa = PBXFileReference; lastKnownFileType = wrapper.framework; name = Foundation.framework; path = System/Library/Frameworks/Foundation.framework; sourceTree = SDKROOT; };
		464285791A5B73C60072F58C /* CoreGraphics.framework */ = {isa = PBXFileReference; lastKnownFileType = wrapper.framework; name = CoreGraphics.framework; path = System/Library/Frameworks/CoreGraphics.framework; sourceTree = SDKROOT; };
		4642857B1A5B73C60072F58C /* UIKit.framework */ = {isa = PBXFileReference; lastKnownFileType = wrapper.framework; name = UIKit.framework; path = System/Library/Frameworks/UIKit.framework; sourceTree = SDKROOT; };
		4642857F1A5B73C60072F58C /* Hypnosister-Info.plist */ = {isa = PBXFileReference; lastKnownFileType = text.plist.xml; path = "Hypnosister-Info.plist"; sourceTree = "<group>"; };
		464285811A5B73C60072F58C /* en */ = {isa = PBXFileReference; lastKnownFileType = text.plist.strings; name = en; path = en.lproj/InfoPlist.strings; sourceTree = "<group>"; };
		464285831A5B73C60072F58C /* main.m */ = {isa = PBXFileReference; lastKnownFileType = sourcecode.c.objc; path = main.m; sourceTree = "<group>"; };
		464285851A5B73C60072F58C /* Hypnosister-Prefix.pch */ = {isa = PBXFileReference; lastKnownFileType = sourcecode.c.h; path = "Hypnosister-Prefix.pch"; sourceTree = "<group>"; };
		464285861A5B73C60072F58C /* HYAppDelegate.h */ = {isa = PBXFileReference; lastKnownFileType = sourcecode.c.h; path = HYAppDelegate.h; sourceTree = "<group>"; };
		464285871A5B73C60072F58C /* HYAppDelegate.m */ = {isa = PBXFileReference; lastKnownFileType = sourcecode.c.objc; path = HYAppDelegate.m; sourceTree = "<group>"; };
		464285891A5B73C60072F58C /* Images.xcassets */ = {isa = PBXFileReference; lastKnownFileType = folder.assetcatalog; path = Images.xcassets; sourceTree = "<group>"; };
		4642858F1A5B73C60072F58C /* HypnosisterTests.xctest */ = {isa = PBXFileReference; explicitFileType = wrapper.cfbundle; includeInIndex = 0; path = HypnosisterTests.xctest; sourceTree = BUILT_PRODUCTS_DIR; };
		464285901A5B73C60072F58C /* XCTest.framework */ = {isa = PBXFileReference; lastKnownFileType = wrapper.framework; name = XCTest.framework; path = Library/Frameworks/XCTest.framework; sourceTree = DEVELOPER_DIR; };
		464285981A5B73C60072F58C /* HypnosisterTests-Info.plist */ = {isa = PBXFileReference; lastKnownFileType = text.plist.xml; path = "HypnosisterTests-Info.plist"; sourceTree = "<group>"; };
		4642859A1A5B73C60072F58C /* en */ = {isa = PBXFileReference; lastKnownFileType = text.plist.strings; name = en; path = en.lproj/InfoPlist.strings; sourceTree = "<group>"; };
		4642859C1A5B73C60072F58C /* HypnosisterTests.m */ = {isa = PBXFileReference; lastKnownFileType = sourcecode.c.objc; path = HypnosisterTests.m; sourceTree = "<group>"; };
		464285A61A5B73EC0072F58C /* HYnosisView.h */ = {isa = PBXFileReference; fileEncoding = 4; lastKnownFileType = sourcecode.c.h; path = HYnosisView.h; sourceTree = "<group>"; };
		464285A71A5B73EC0072F58C /* HYnosisView.m */ = {isa = PBXFileReference; fileEncoding = 4; lastKnownFileType = sourcecode.c.objc; path = HYnosisView.m; sourceTree = "<group>"; };
/* End PBXFileReference section */

/* Begin PBXFrameworksBuildPhase section */
		464285711A5B73C60072F58C /* Frameworks */ = {
			isa = PBXFrameworksBuildPhase;
			buildActionMask = 2147483647;
			files = (
				4642857A1A5B73C60072F58C /* CoreGraphics.framework in Frameworks */,
				4642857C1A5B73C60072F58C /* UIKit.framework in Frameworks */,
				464285781A5B73C60072F58C /* Foundation.framework in Frameworks */,
			);
			runOnlyForDeploymentPostprocessing = 0;
		};
		4642858C1A5B73C60072F58C /* Frameworks */ = {
			isa = PBXFrameworksBuildPhase;
			buildActionMask = 2147483647;
			files = (
				464285911A5B73C60072F58C /* XCTest.framework in Frameworks */,
				464285931A5B73C60072F58C /* UIKit.framework in Frameworks */,
				464285921A5B73C60072F58C /* Foundation.framework in Frameworks */,
			);
			runOnlyForDeploymentPostprocessing = 0;
		};
/* End PBXFrameworksBuildPhase section */

/* Begin PBXGroup section */
		4642856B1A5B73C60072F58C = {
			isa = PBXGroup;
			children = (
				4642857D1A5B73C60072F58C /* Hypnosister */,
				464285961A5B73C60072F58C /* HypnosisterTests */,
				464285761A5B73C60072F58C /* Frameworks */,
				464285751A5B73C60072F58C /* Products */,
			);
			sourceTree = "<group>";
		};
		464285751A5B73C60072F58C /* Products */ = {
			isa = PBXGroup;
			children = (
				464285741A5B73C60072F58C /* Hypnosister.app */,
				4642858F1A5B73C60072F58C /* HypnosisterTests.xctest */,
			);
			name = Products;
			sourceTree = "<group>";
		};
		464285761A5B73C60072F58C /* Frameworks */ = {
			isa = PBXGroup;
			children = (
				464285771A5B73C60072F58C /* Foundation.framework */,
				464285791A5B73C60072F58C /* CoreGraphics.framework */,
				4642857B1A5B73C60072F58C /* UIKit.framework */,
				464285901A5B73C60072F58C /* XCTest.framework */,
			);
			name = Frameworks;
			sourceTree = "<group>";
		};
		4642857D1A5B73C60072F58C /* Hypnosister */ = {
			isa = PBXGroup;
			children = (
				464285861A5B73C60072F58C /* HYAppDelegate.h */,
				464285871A5B73C60072F58C /* HYAppDelegate.m */,
				464285891A5B73C60072F58C /* Images.xcassets */,
				4642857E1A5B73C60072F58C /* Supporting Files */,
				464285A61A5B73EC0072F58C /* HYnosisView.h */,
				464285A71A5B73EC0072F58C /* HYnosisView.m */,
			);
			path = Hypnosister;
			sourceTree = "<group>";
		};
		4642857E1A5B73C60072F58C /* Supporting Files */ = {
			isa = PBXGroup;
			children = (
				4642857F1A5B73C60072F58C /* Hypnosister-Info.plist */,
				464285801A5B73C60072F58C /* InfoPlist.strings */,
				464285831A5B73C60072F58C /* main.m */,
				464285851A5B73C60072F58C /* Hypnosister-Prefix.pch */,
			);
			name = "Supporting Files";
			sourceTree = "<group>";
		};
		464285961A5B73C60072F58C /* HypnosisterTests */ = {
			isa = PBXGroup;
			children = (
				4642859C1A5B73C60072F58C /* HypnosisterTests.m */,
				464285971A5B73C60072F58C /* Supporting Files */,
			);
			path = HypnosisterTests;
			sourceTree = "<group>";
		};
		464285971A5B73C60072F58C /* Supporting Files */ = {
			isa = PBXGroup;
			children = (
				464285981A5B73C60072F58C /* HypnosisterTests-Info.plist */,
				464285991A5B73C60072F58C /* InfoPlist.strings */,
			);
			name = "Supporting Files";
			sourceTree = "<group>";
		};
/* End PBXGroup section */

/* Begin PBXNativeTarget section */
		464285731A5B73C60072F58C /* Hypnosister */ = {
			isa = PBXNativeTarget;
			buildConfigurationList = 464285A01A5B73C60072F58C /* Build configuration list for PBXNativeTarget "Hypnosister" */;
			buildPhases = (
				464285701A5B73C60072F58C /* Sources */,
				464285711A5B73C60072F58C /* Frameworks */,
				464285721A5B73C60072F58C /* Resources */,
			);
			buildRules = (
			);
			dependencies = (
			);
			name = Hypnosister;
			productName = Hypnosister;
			productReference = 464285741A5B73C60072F58C /* Hypnosister.app */;
			productType = "com.apple.product-type.application";
		};
		4642858E1A5B73C60072F58C /* HypnosisterTests */ = {
			isa = PBXNativeTarget;
			buildConfigurationList = 464285A31A5B73C60072F58C /* Build configuration list for PBXNativeTarget "HypnosisterTests" */;
			buildPhases = (
				4642858B1A5B73C60072F58C /* Sources */,
				4642858C1A5B73C60072F58C /* Frameworks */,
				4642858D1A5B73C60072F58C /* Resources */,
			);
			buildRules = (
			);
			dependencies = (
				464285951A5B73C60072F58C /* PBXTargetDependency */,
			);
			name = HypnosisterTests;
			productName = HypnosisterTests;
			productReference = 4642858F1A5B73C60072F58C /* HypnosisterTests.xctest */;
			productType = "com.apple.product-type.bundle.unit-test";
		};
/* End PBXNativeTarget section */

/* Begin PBXProject section */
		4642856C1A5B73C60072F58C /* Project object */ = {
			isa = PBXProject;
			attributes = {
				CLASSPREFIX = HY;
				LastUpgradeCheck = 0510;
				ORGANIZATIONNAME = cn.com.tiros;
				TargetAttributes = {
					4642858E1A5B73C60072F58C = {
						TestTargetID = 464285731A5B73C60072F58C;
					};
				};
			};
			buildConfigurationList = 4642856F1A5B73C60072F58C /* Build configuration list for PBXProject "Hypnosister" */;
			compatibilityVersion = "Xcode 3.2";
			developmentRegion = English;
			hasScannedForEncodings = 0;
			knownRegions = (
				en,
			);
			mainGroup = 4642856B1A5B73C60072F58C;
			productRefGroup = 464285751A5B73C60072F58C /* Products */;
			projectDirPath = "";
			projectRoot = "";
			targets = (
				464285731A5B73C60072F58C /* Hypnosister */,
				4642858E1A5B73C60072F58C /* HypnosisterTests */,
			);
		};
/* End PBXProject section */

/* Begin PBXResourcesBuildPhase section */
		464285721A5B73C60072F58C /* Resources */ = {
			isa = PBXResourcesBuildPhase;
			buildActionMask = 2147483647;
			files = (
				464285821A5B73C60072F58C /* InfoPlist.strings in Resources */,
				4642858A1A5B73C60072F58C /* Images.xcassets in Resources */,
			);
			runOnlyForDeploymentPostprocessing = 0;
		};
		4642858D1A5B73C60072F58C /* Resources */ = {
			isa = PBXResourcesBuildPhase;
			buildActionMask = 2147483647;
			files = (
				4642859B1A5B73C60072F58C /* InfoPlist.strings in Resources */,
			);
			runOnlyForDeploymentPostprocessing = 0;
		};
/* End PBXResourcesBuildPhase section */

/* Begin PBXSourcesBuildPhase section */
		464285701A5B73C60072F58C /* Sources */ = {
			isa = PBXSourcesBuildPhase;
			buildActionMask = 2147483647;
			files = (
				464285A81A5B73EC0072F58C /* HYnosisView.m in Sources */,
				464285841A5B73C60072F58C /* main.m in Sources */,
				464285881A5B73C60072F58C /* HYAppDelegate.m in Sources */,
			);
			runOnlyForDeploymentPostprocessing = 0;
		};
		4642858B1A5B73C60072F58C /* Sources */ = {
			isa = PBXSourcesBuildPhase;
			buildActionMask = 2147483647;
			files = (
				4642859D1A5B73C60072F58C /* HypnosisterTests.m in Sources */,
			);
			runOnlyForDeploymentPostprocessing = 0;
		};
/* End PBXSourcesBuildPhase section */

/* Begin PBXTargetDependency section */
		464285951A5B73C60072F58C /* PBXTargetDependency */ = {
			isa = PBXTargetDependency;
			target = 464285731A5B73C60072F58C /* Hypnosister */;
			targetProxy = 464285941A5B73C60072F58C /* PBXContainerItemProxy */;
		};
/* End PBXTargetDependency section */

/* Begin PBXVariantGroup section */
		464285801A5B73C60072F58C /* InfoPlist.strings */ = {
			isa = PBXVariantGroup;
			children = (
				464285811A5B73C60072F58C /* en */,
			);
			name = InfoPlist.strings;
			sourceTree = "<group>";
		};
		464285991A5B73C60072F58C /* InfoPlist.strings */ = {
			isa = PBXVariantGroup;
			children = (
				4642859A1A5B73C60072F58C /* en */,
			);
			name = InfoPlist.strings;
			sourceTree = "<group>";
		};
/* End PBXVariantGroup section */

/* Begin XCBuildConfiguration section */
		4642859E1A5B73C60072F58C /* Debug */ = {
			isa = XCBuildConfiguration;
			buildSettings = {
				ALWAYS_SEARCH_USER_PATHS = NO;
				CLANG_CXX_LANGUAGE_STANDARD = "gnu++0x";
				CLANG_CXX_LIBRARY = "libc++";
				CLANG_ENABLE_MODULES = YES;
				CLANG_ENABLE_OBJC_ARC = YES;
				CLANG_WARN_BOOL_CONVERSION = YES;
				CLANG_WARN_CONSTANT_CONVERSION = YES;
				CLANG_WARN_DIRECT_OBJC_ISA_USAGE = YES_ERROR;
				CLANG_WARN_EMPTY_BODY = YES;
				CLANG_WARN_ENUM_CONVERSION = YES;
				CLANG_WARN_INT_CONVERSION = YES;
				CLANG_WARN_OBJC_ROOT_CLASS = YES_ERROR;
				CLANG_WARN__DUPLICATE_METHOD_MATCH = YES;
				"CODE_SIGN_IDENTITY[sdk=iphoneos*]" = "iPhone Developer";
				COPY_PHASE_STRIP = NO;
				GCC_C_LANGUAGE_STANDARD = gnu99;
				GCC_DYNAMIC_NO_PIC = NO;
				GCC_OPTIMIZATION_LEVEL = 0;
				GCC_PREPROCESSOR_DEFINITIONS = (
					"DEBUG=1",
					"$(inherited)",
				);
				GCC_SYMBOLS_PRIVATE_EXTERN = NO;
				GCC_WARN_64_TO_32_BIT_CONVERSION = YES;
				GCC_WARN_ABOUT_RETURN_TYPE = YES_ERROR;
				GCC_WARN_UNDECLARED_SELECTOR = YES;
				GCC_WARN_UNINITIALIZED_AUTOS = YES_AGGRESSIVE;
				GCC_WARN_UNUSED_FUNCTION = YES;
				GCC_WARN_UNUSED_VARIABLE = YES;
				IPHONEOS_DEPLOYMENT_TARGET = 7.1;
				ONLY_ACTIVE_ARCH = YES;
				SDKROOT = iphoneos;
			};
			name = Debug;
		};
		4642859F1A5B73C60072F58C /* Release */ = {
			isa = XCBuildConfiguration;
			buildSettings = {
				ALWAYS_SEARCH_USER_PATHS = NO;
				CLANG_CXX_LANGUAGE_STANDARD = "gnu++0x";
				CLANG_CXX_LIBRARY = "libc++";
				CLANG_ENABLE_MODULES = YES;
				CLANG_ENABLE_OBJC_ARC = YES;
				CLANG_WARN_BOOL_CONVERSION = YES;
				CLANG_WARN_CONSTANT_CONVERSION = YES;
				CLANG_WARN_DIRECT_OBJC_ISA_USAGE = YES_ERROR;
				CLANG_WARN_EMPTY_BODY = YES;
				CLANG_WARN_ENUM_CONVERSION = YES;
				CLANG_WARN_INT_CONVERSION = YES;
				CLANG_WARN_OBJC_ROOT_CLASS = YES_ERROR;
				CLANG_WARN__DUPLICATE_METHOD_MATCH = YES;
				"CODE_SIGN_IDENTITY[sdk=iphoneos*]" = "iPhone Developer";
				COPY_PHASE_STRIP = YES;
				ENABLE_NS_ASSERTIONS = NO;
				GCC_C_LANGUAGE_STANDARD = gnu99;
				GCC_WARN_64_TO_32_BIT_CONVERSION = YES;
				GCC_WARN_ABOUT_RETURN_TYPE = YES_ERROR;
				GCC_WARN_UNDECLARED_SELECTOR = YES;
				GCC_WARN_UNINITIALIZED_AUTOS = YES_AGGRESSIVE;
				GCC_WARN_UNUSED_FUNCTION = YES;
				GCC_WARN_UNUSED_VARIABLE = YES;
				IPHONEOS_DEPLOYMENT_TARGET = 7.1;
				SDKROOT = iphoneos;
				VALIDATE_PRODUCT = YES;
			};
			name = Release;
		};
		464285A11A5B73C60072F58C /* Debug */ = {
			isa = XCBuildConfiguration;
			buildSettings = {
				ASSETCATALOG_COMPILER_APPICON_NAME = AppIcon;
				ASSETCATALOG_COMPILER_LAUNCHIMAGE_NAME = LaunchImage;
				GCC_PRECOMPILE_PREFIX_HEADER = YES;
				GCC_PREFIX_HEADER = "Hypnosister/Hypnosister-Prefix.pch";
				INFOPLIST_FILE = "Hypnosister/Hypnosister-Info.plist";
				PRODUCT_NAME = "$(TARGET_NAME)";
				WRAPPER_EXTENSION = app;
			};
			name = Debug;
		};
		464285A21A5B73C60072F58C /* Release */ = {
			isa = XCBuildConfiguration;
			buildSettings = {
				ASSETCATALOG_COMPILER_APPICON_NAME = AppIcon;
				ASSETCATALOG_COMPILER_LAUNCHIMAGE_NAME = LaunchImage;
				GCC_PRECOMPILE_PREFIX_HEADER = YES;
				GCC_PREFIX_HEADER = "Hypnosister/Hypnosister-Prefix.pch";
				INFOPLIST_FILE = "Hypnosister/Hypnosister-Info.plist";
				PRODUCT_NAME = "$(TARGET_NAME)";
				WRAPPER_EXTENSION = app;
			};
			name = Release;
		};
		464285A41A5B73C60072F58C /* Debug */ = {
			isa = XCBuildConfiguration;
			buildSettings = {
				BUNDLE_LOADER = "$(BUILT_PRODUCTS_DIR)/Hypnosister.app/Hypnosister";
				FRAMEWORK_SEARCH_PATHS = (
					"$(SDKROOT)/Developer/Library/Frameworks",
					"$(inherited)",
					"$(DEVELOPER_FRAMEWORKS_DIR)",
				);
				GCC_PRECOMPILE_PREFIX_HEADER = YES;
				GCC_PREFIX_HEADER = "Hypnosister/Hypnosister-Prefix.pch";
				GCC_PREPROCESSOR_DEFINITIONS = (
					"DEBUG=1",
					"$(inherited)",
				);
				INFOPLIST_FILE = "HypnosisterTests/HypnosisterTests-Info.plist";
				PRODUCT_NAME = "$(TARGET_NAME)";
				TEST_HOST = "$(BUNDLE_LOADER)";
				WRAPPER_EXTENSION = xctest;
			};
			name = Debug;
		};
		464285A51A5B73C60072F58C /* Release */ = {
			isa = XCBuildConfiguration;
			buildSettings = {
				BUNDLE_LOADER = "$(BUILT_PRODUCTS_DIR)/Hypnosister.app/Hypnosister";
				FRAMEWORK_SEARCH_PATHS = (
					"$(SDKROOT)/Developer/Library/Frameworks",
					"$(inherited)",
					"$(DEVELOPER_FRAMEWORKS_DIR)",
				);
				GCC_PRECOMPILE_PREFIX_HEADER = YES;
				GCC_PREFIX_HEADER = "Hypnosister/Hypnosister-Prefix.pch";
				INFOPLIST_FILE = "HypnosisterTests/HypnosisterTests-Info.plist";
				PRODUCT_NAME = "$(TARGET_NAME)";
				TEST_HOST = "$(BUNDLE_LOADER)";
				WRAPPER_EXTENSION = xctest;
			};
			name = Release;
		};
/* End XCBuildConfiguration section */

/* Begin XCConfigurationList section */
		4642856F1A5B73C60072F58C /* Build configuration list for PBXProject "Hypnosister" */ = {
			isa = XCConfigurationList;
			buildConfigurations = (
				4642859E1A5B73C60072F58C /* Debug */,
				4642859F1A5B73C60072F58C /* Release */,
			);
			defaultConfigurationIsVisible = 0;
			defaultConfigurationName = Release;
		};
		464285A01A5B73C60072F58C /* Build configuration list for PBXNativeTarget "Hypnosister" */ = {
			isa = XCConfigurationList;
			buildConfigurations = (
				464285A11A5B73C60072F58C /* Debug */,
				464285A21A5B73C60072F58C /* Release */,
			);
			defaultConfigurationIsVisible = 0;
			defaultConfigurationName = Release;
		};
		464285A31A5B73C60072F58C /* Build configuration list for PBXNativeTarget "HypnosisterTests" */ = {
			isa = XCConfigurationList;
			buildConfigurations = (
				464285A41A5B73C60072F58C /* Debug */,
				464285A51A5B73C60072F58C /* Release */,
			);
			defaultConfigurationIsVisible = 0;
			defaultConfigurationName = Release;
		};
/* End XCConfigurationList section */
	};
	rootObject = 4642856C1A5B73C60072F58C /* Project object */;
}
